
Microsoft Visual Studio Solution File, Format Version 12.00
# Visual Studio Version 17
VisualStudioVersion = 17.14.36623.8 d17.14
MinimumVisualStudioVersion = 10.0.40219.1
Project("{FAE04EC0-301F-11D3-BF4B-00C04F79EFBC}") = "Multithreading21", "Multithreading21\Multithreading21.csproj", "{95F141FB-D33B-4FE6-B16F-6C0445037DBD}"
EndProject
Global
	GlobalSection(SolutionConfigurationPlatforms) = preSolution
		Debug|Any CPU = Debug|Any CPU
		Release|Any CPU = Release|Any CPU
	EndGlobalSection
	GlobalSection(ProjectConfigurationPlatforms) = postSolution
		{95F141FB-D33B-4FE6-B16F-6C0445037DBD}.Debug|Any CPU.ActiveCfg = Debug|Any CPU
		{95F141FB-D33B-4FE6-B16F-6C0445037DBD}.Debug|Any CPU.Build.0 = Debug|Any CPU
		{95F141FB-D33B-4FE6-B16F-6C0445037DBD}.Release|Any CPU.ActiveCfg = Release|Any CPU
		{95F141FB-D33B-4FE6-B16F-6C0445037DBD}.Release|Any CPU.Build.0 = Release|Any CPU
	EndGlobalSection
	GlobalSection(SolutionProperties) = preSolution
		HideSolutionNode = FALSE
	EndGlobalSection
	GlobalSection(ExtensibilityGlobals) = postSolution
		SolutionGuid = {9215932E-E29A-4543-A6CC-6EDD6D044B0C}
	EndGlobalSection
EndGlobal
